{
  "name": "@bacnh85/pi-hub",
  "version": "0.1.12",
  "lockfileVersion": 3,
  "requires": true,
  "packages": {
    "": {
      "name": "@bacnh85/pi-hub",
      "version": "0.1.12",
      "license": "MIT",
      "bin": {
        "pi-hub": "bin/pi-hub.js"
      },
      "engines": {
        "node": ">=20"
      }
    }
  }
}
